// !$*UTF8*$!
{
	archiveVersion = 1;
	classes = {
	};
	objectVersion = 48;
	objects = {

/* Begin PBXBuildFile section */
		AA1C2E201FB10024002F4EF1 /* AppDelegate.m in Sources */ = {isa = PBXBuildFile; fileRef = AA1C2E1F1FB10024002F4EF1 /* AppDelegate.m */; };
		AA1C2E231FB10024002F4EF1 /* ViewController.m in Sources */ = {isa = PBXBuildFile; fileRef = AA1C2E221FB10024002F4EF1 /* ViewController.m */; };
		AA1C2E261FB10024002F4EF1 /* Main.storyboard in Resources */ = {isa = PBXBuildFile; fileRef = AA1C2E241FB10024002F4EF1 /* Main.storyboard */; };
		AA1C2E281FB10024002F4EF1 /* Assets.xcassets in Resources */ = {isa = PBXBuildFile; fileRef = AA1C2E271FB10024002F4EF1 /* Assets.xcassets */; };
		AA1C2E2B1FB10024002F4EF1 /* LaunchScreen.storyboard in Resources */ = {isa = PBXBuildFile; fileRef = AA1C2E291FB10024002F4EF1 /* LaunchScreen.storyboard */; };
		AA1C2E2E1FB10024002F4EF1 /* main.m in Sources */ = {isa = PBXBuildFile; fileRef = AA1C2E2D1FB10024002F4EF1 /* main.m */; };
		AA1C2E431FB10111002F4EF1 /* Artist.m in Sources */ = {isa = PBXBuildFile; fileRef = AA1C2E421FB10111002F4EF1 /* Artist.m */; };
		AA1C2E461FB10140002F4EF1 /* ArtistManager.m in Sources */ = {isa = PBXBuildFile; fileRef = AA1C2E451FB10140002F4EF1 /* ArtistManager.m */; };
/* End PBXBuildFile section */

/* Begin PBXFileReference section */
		AA1C2E1B1FB10024002F4EF1 /* Artists.app */ = {isa = PBXFileReference; explicitFileType = wrapper.application; includeInIndex = 0; path = Artists.app; sourceTree = BUILT_PRODUCTS_DIR; };
		AA1C2E1E1FB10024002F4EF1 /* AppDelegate.h */ = {isa = PBXFileReference; lastKnownFileType = sourcecode.c.h; path = AppDelegate.h; sourceTree = "<group>"; };
		AA1C2E1F1FB10024002F4EF1 /* AppDelegate.m */ = {isa = PBXFileReference; lastKnownFileType = sourcecode.c.objc; path = AppDelegate.m; sourceTree = "<group>"; };
		AA1C2E211FB10024002F4EF1 /* ViewController.h */ = {isa = PBXFileReference; lastKnownFileType = sourcecode.c.h; path = ViewController.h; sourceTree = "<group>"; };
		AA1C2E221FB10024002F4EF1 /* ViewController.m */ = {isa = PBXFileReference; lastKnownFileType = sourcecode.c.objc; path = ViewController.m; sourceTree = "<group>"; };
		AA1C2E251FB10024002F4EF1 /* Base */ = {isa = PBXFileReference; lastKnownFileType = file.storyboard; name = Base; path = Base.lproj/Main.storyboard; sourceTree = "<group>"; };
		AA1C2E271FB10024002F4EF1 /* Assets.xcassets */ = {isa = PBXFileReference; lastKnownFileType = folder.assetcatalog; path = Assets.xcassets; sourceTree = "<group>"; };
		AA1C2E2A1FB10024002F4EF1 /* Base */ = {isa = PBXFileReference; lastKnownFileType = file.storyboard; name = Base; path = Base.lproj/LaunchScreen.storyboard; sourceTree = "<group>"; };
		AA1C2E2C1FB10024002F4EF1 /* Info.plist */ = {isa = PBXFileReference; lastKnownFileType = text.plist.xml; path = Info.plist; sourceTree = "<group>"; };
		AA1C2E2D1FB10024002F4EF1 /* main.m */ = {isa = PBXFileReference; lastKnownFileType = sourcecode.c.objc; path = main.m; sourceTree = "<group>"; };
		AA1C2E411FB10111002F4EF1 /* Artist.h */ = {isa = PBXFileReference; lastKnownFileType = sourcecode.c.h; path = Artist.h; sourceTree = "<group>"; };
		AA1C2E421FB10111002F4EF1 /* Artist.m */ = {isa = PBXFileReference; lastKnownFileType = sourcecode.c.objc; path = Artist.m; sourceTree = "<group>"; };
		AA1C2E441FB10140002F4EF1 /* ArtistManager.h */ = {isa = PBXFileReference; lastKnownFileType = sourcecode.c.h; path = ArtistManager.h; sourceTree = "<group>"; };
		AA1C2E451FB10140002F4EF1 /* ArtistManager.m */ = {isa = PBXFileReference; lastKnownFileType = sourcecode.c.objc; path = ArtistManager.m; sourceTree = "<group>"; };
/* End PBXFileReference section */

/* Begin PBXFrameworksBuildPhase section */
		AA1C2E181FB10024002F4EF1 /* Frameworks */ = {
			isa = PBXFrameworksBuildPhase;
			buildActionMask = 2147483647;
			files = (
			);
			runOnlyForDeploymentPostprocessing = 0;
		};
/* End PBXFrameworksBuildPhase section */

/* Begin PBXGroup section */
		AA1C2E121FB10024002F4EF1 = {
			isa = PBXGroup;
			children = (
				AA1C2E1D1FB10024002F4EF1 /* Artists */,
				AA1C2E1C1FB10024002F4EF1 /* Products */,
			);
			sourceTree = "<group>";
		};
		AA1C2E1C1FB10024002F4EF1 /* Products */ = {
			isa = PBXGroup;
			children = (
				AA1C2E1B1FB10024002F4EF1 /* Artists.app */,
			);
			name = Products;
			sourceTree = "<group>";
		};
		AA1C2E1D1FB10024002F4EF1 /* Artists */ = {
			isa = PBXGroup;
			children = (
				AA1C2E401FB100CC002F4EF1 /* Model */,
				AA1C2E3F1FB100C4002F4EF1 /* Views */,
				AA1C2E3E1FB100B9002F4EF1 /* Controller */,
				AA1C2E3A1FB10072002F4EF1 /* Supplementary */,
			);
			path = Artists;
			sourceTree = "<group>";
		};
		AA1C2E3A1FB10072002F4EF1 /* Supplementary */ = {
			isa = PBXGroup;
			children = (
				AA1C2E1E1FB10024002F4EF1 /* AppDelegate.h */,
				AA1C2E1F1FB10024002F4EF1 /* AppDelegate.m */,
				AA1C2E271FB10024002F4EF1 /* Assets.xcassets */,
				AA1C2E291FB10024002F4EF1 /* LaunchScreen.storyboard */,
				AA1C2E2C1FB10024002F4EF1 /* Info.plist */,
				AA1C2E2D1FB10024002F4EF1 /* main.m */,
			);
			name = Supplementary;
			sourceTree = "<group>";
		};
		AA1C2E3E1FB100B9002F4EF1 /* Controller */ = {
			isa = PBXGroup;
			children = (
				AA1C2E211FB10024002F4EF1 /* ViewController.h */,
				AA1C2E221FB10024002F4EF1 /* ViewController.m */,
			);
			name = Controller;
			sourceTree = "<group>";
		};
		AA1C2E3F1FB100C4002F4EF1 /* Views */ = {
			isa = PBXGroup;
			children = (
				AA1C2E241FB10024002F4EF1 /* Main.storyboard */,
			);
			path = Views;
			sourceTree = "<group>";
		};
		AA1C2E401FB100CC002F4EF1 /* Model */ = {
			isa = PBXGroup;
			children = (
				AA1C2E441FB10140002F4EF1 /* ArtistManager.h */,
				AA1C2E451FB10140002F4EF1 /* ArtistManager.m */,
				AA1C2E411FB10111002F4EF1 /* Artist.h */,
				AA1C2E421FB10111002F4EF1 /* Artist.m */,
			);
			name = Model;
			sourceTree = "<group>";
		};
/* End PBXGroup section */

/* Begin PBXNativeTarget section */
		AA1C2E1A1FB10024002F4EF1 /* Artists */ = {
			isa = PBXNativeTarget;
			buildConfigurationList = AA1C2E311FB10024002F4EF1 /* Build configuration list for PBXNativeTarget "Artists" */;
			buildPhases = (
				AA1C2E171FB10024002F4EF1 /* Sources */,
				AA1C2E181FB10024002F4EF1 /* Frameworks */,
				AA1C2E191FB10024002F4EF1 /* Resources */,
			);
			buildRules = (
			);
			dependencies = (
			);
			name = Artists;
			productName = Artists;
			productReference = AA1C2E1B1FB10024002F4EF1 /* Artists.app */;
			productType = "com.apple.product-type.application";
		};
/* End PBXNativeTarget section */

/* Begin PBXProject section */
		AA1C2E131FB10024002F4EF1 /* Project object */ = {
			isa = PBXProject;
			attributes = {
				LastUpgradeCheck = 0910;
				ORGANIZATIONNAME = steve;
				TargetAttributes = {
					AA1C2E1A1FB10024002F4EF1 = {
						CreatedOnToolsVersion = 9.1;
						ProvisioningStyle = Automatic;
					};
				};
			};
			buildConfigurationList = AA1C2E161FB10024002F4EF1 /* Build configuration list for PBXProject "Artists" */;
			compatibilityVersion = "Xcode 8.0";
			developmentRegion = en;
			hasScannedForEncodings = 0;
			knownRegions = (
				en,
				Base,
			);
			mainGroup = AA1C2E121FB10024002F4EF1;
			productRefGroup = AA1C2E1C1FB10024002F4EF1 /* Products */;
			projectDirPath = "";
			projectRoot = "";
			targets = (
				AA1C2E1A1FB10024002F4EF1 /* Artists */,
			);
		};
/* End PBXProject section */

/* Begin PBXResourcesBuildPhase section */
		AA1C2E191FB10024002F4EF1 /* Resources */ = {
			isa = PBXResourcesBuildPhase;
			buildActionMask = 2147483647;
			files = (
				AA1C2E2B1FB10024002F4EF1 /* LaunchScreen.storyboard in Resources */,
				AA1C2E281FB10024002F4EF1 /* Assets.xcassets in Resources */,
				AA1C2E261FB10024002F4EF1 /* Main.storyboard in Resources */,
			);
			runOnlyForDeploymentPostprocessing = 0;
		};
/* End PBXResourcesBuildPhase section */

/* Begin PBXSourcesBuildPhase section */
		AA1C2E171FB10024002F4EF1 /* Sources */ = {
			isa = PBXSourcesBuildPhase;
			buildActionMask = 2147483647;
			files = (
				AA1C2E231FB10024002F4EF1 /* ViewController.m in Sources */,
				AA1C2E2E1FB10024002F4EF1 /* main.m in Sources */,
				AA1C2E431FB10111002F4EF1 /* Artist.m in Sources */,
				AA1C2E201FB10024002F4EF1 /* AppDelegate.m in Sources */,
				AA1C2E461FB10140002F4EF1 /* ArtistManager.m in Sources */,
			);
			runOnlyForDeploymentPostprocessing = 0;
		};
/* End PBXSourcesBuildPhase section */

/* Begin PBXVariantGroup section */
		AA1C2E241FB10024002F4EF1 /* Main.storyboard */ = {
			isa = PBXVariantGroup;
			children = (
				AA1C2E251FB10024002F4EF1 /* Base */,
			);
			name = Main.storyboard;
			sourceTree = "<group>";
		};
		AA1C2E291FB10024002F4EF1 /* LaunchScreen.storyboard */ = {
			isa = PBXVariantGroup;
			children = (
				AA1C2E2A1FB10024002F4EF1 /* Base */,
			);
			name = LaunchScreen.storyboard;
			sourceTree = "<group>";
		};
/* End PBXVariantGroup section */

/* Begin XCBuildConfiguration section */
		AA1C2E2F1FB10024002F4EF1 /* Debug */ = {
			isa = XCBuildConfiguration;
			buildSettings = {
				ALWAYS_SEARCH_USER_PATHS = NO;
				CLANG_ANALYZER_NONNULL = YES;
				CLANG_ANALYZER_NUMBER_OBJECT_CONVERSION = YES_AGGRESSIVE;
				CLANG_CXX_LANGUAGE_STANDARD = "gnu++14";
				CLANG_CXX_LIBRARY = "libc++";
				CLANG_ENABLE_MODULES = YES;
				CLANG_ENABLE_OBJC_ARC = YES;
				CLANG_WARN_BLOCK_CAPTURE_AUTORELEASING = YES;
				CLANG_WARN_BOOL_CONVERSION = YES;
				CLANG_WARN_COMMA = YES;
				CLANG_WARN_CONSTANT_CONVERSION = YES;
				CLANG_WARN_DIRECT_OBJC_ISA_USAGE = YES_ERROR;
				CLANG_WARN_DOCUMENTATION_COMMENTS = YES;
				CLANG_WARN_EMPTY_BODY = YES;
				CLANG_WARN_ENUM_CONVERSION = YES;
				CLANG_WARN_INFINITE_RECURSION = YES;
				CLANG_WARN_INT_CONVERSION = YES;
				CLANG_WARN_NON_LITERAL_NULL_CONVERSION = YES;
				CLANG_WARN_OBJC_LITERAL_CONVERSION = YES;
				CLANG_WARN_OBJC_ROOT_CLASS = YES_ERROR;
				CLANG_WARN_RANGE_LOOP_ANALYSIS = YES;
				CLANG_WARN_STRICT_PROTOTYPES = YES;
				CLANG_WARN_SUSPICIOUS_MOVE = YES;
				CLANG_WARN_UNGUARDED_AVAILABILITY = YES_AGGRESSIVE;
				CLANG_WARN_UNREACHABLE_CODE = YES;
				CLANG_WARN__DUPLICATE_METHOD_MATCH = YES;
				CODE_SIGN_IDENTITY = "iPhone Developer";
				COPY_PHASE_STRIP = NO;
				DEBUG_INFORMATION_FORMAT = dwarf;
				ENABLE_STRICT_OBJC_MSGSEND = YES;
				ENABLE_TESTABILITY = YES;
				GCC_C_LANGUAGE_STANDARD = gnu11;
				GCC_DYNAMIC_NO_PIC = NO;
				GCC_NO_COMMON_BLOCKS = YES;
				GCC_OPTIMIZATION_LEVEL = 0;
				GCC_PREPROCESSOR_DEFINITIONS = (
					"DEBUG=1",
					"$(inherited)",
				);
				GCC_WARN_64_TO_32_BIT_CONVERSION = YES;
				GCC_WARN_ABOUT_RETURN_TYPE = YES_ERROR;
				GCC_WARN_UNDECLARED_SELECTOR = YES;
				GCC_WARN_UNINITIALIZED_AUTOS = YES_AGGRESSIVE;
				GCC_WARN_UNUSED_FUNCTION = YES;
				GCC_WARN_UNUSED_VARIABLE = YES;
				IPHONEOS_DEPLOYMENT_TARGET = 11.1;
				MTL_ENABLE_DEBUG_INFO = YES;
				ONLY_ACTIVE_ARCH = YES;
				SDKROOT = iphoneos;
			};
			name = Debug;
		};
		AA1C2E301FB10024002F4EF1 /* Release */ = {
			isa = XCBuildConfiguration;
			buildSettings = {
				ALWAYS_SEARCH_USER_PATHS = NO;
				CLANG_ANALYZER_NONNULL = YES;
				CLANG_ANALYZER_NUMBER_OBJECT_CONVERSION = YES_AGGRESSIVE;
				CLANG_CXX_LANGUAGE_STANDARD = "gnu++14";
				CLANG_CXX_LIBRARY = "libc++";
				CLANG_ENABLE_MODULES = YES;
				CLANG_ENABLE_OBJC_ARC = YES;
				CLANG_WARN_BLOCK_CAPTURE_AUTORELEASING = YES;
				CLANG_WARN_BOOL_CONVERSION = YES;
				CLANG_WARN_COMMA = YES;
				CLANG_WARN_CONSTANT_CONVERSION = YES;
				CLANG_WARN_DIRECT_OBJC_ISA_USAGE = YES_ERROR;
				CLANG_WARN_DOCUMENTATION_COMMENTS = YES;
				CLANG_WARN_EMPTY_BODY = YES;
				CLANG_WARN_ENUM_CONVERSION = YES;
				CLANG_WARN_INFINITE_RECURSION = YES;
				CLANG_WARN_INT_CONVERSION = YES;
				CLANG_WARN_NON_LITERAL_NULL_CONVERSION = YES;
				CLANG_WARN_OBJC_LITERAL_CONVERSION = YES;
				CLANG_WARN_OBJC_ROOT_CLASS = YES_ERROR;
				CLANG_WARN_RANGE_LOOP_ANALYSIS = YES;
				CLANG_WARN_STRICT_PROTOTYPES = YES;
				CLANG_WARN_SUSPICIOUS_MOVE = YES;
				CLANG_WARN_UNGUARDED_AVAILABILITY = YES_AGGRESSIVE;
				CLANG_WARN_UNREACHABLE_CODE = YES;
				CLANG_WARN__DUPLICATE_METHOD_MATCH = YES;
				CODE_SIGN_IDENTITY = "iPhone Developer";
				COPY_PHASE_STRIP = NO;
				DEBUG_INFORMATION_FORMAT = "dwarf-with-dsym";
				ENABLE_NS_ASSERTIONS = NO;
				ENABLE_STRICT_OBJC_MSGSEND = YES;
				GCC_C_LANGUAGE_STANDARD = gnu11;
				GCC_NO_COMMON_BLOCKS = YES;
				GCC_WARN_64_TO_32_BIT_CONVERSION = YES;
				GCC_WARN_ABOUT_RETURN_TYPE = YES_ERROR;
				GCC_WARN_UNDECLARED_SELECTOR = YES;
				GCC_WARN_UNINITIALIZED_AUTOS = YES_AGGRESSIVE;
				GCC_WARN_UNUSED_FUNCTION = YES;
				GCC_WARN_UNUSED_VARIABLE = YES;
				IPHONEOS_DEPLOYMENT_TARGET = 11.1;
				MTL_ENABLE_DEBUG_INFO = NO;
				SDKROOT = iphoneos;
				VALIDATE_PRODUCT = YES;
			};
			name = Release;
		};
		AA1C2E321FB10024002F4EF1 /* Debug */ = {
			isa = XCBuildConfiguration;
			buildSettings = {
				ASSETCATALOG_COMPILER_APPICON_NAME = AppIcon;
				CODE_SIGN_STYLE = Automatic;
				DEVELOPMENT_TEAM = 6D3DA9G4XW;
				INFOPLIST_FILE = Artists/Info.plist;
				LD_RUNPATH_SEARCH_PATHS = "$(inherited) @executable_path/Frameworks";
				PRODUCT_BUNDLE_IDENTIFIER = com.Artists;
				PRODUCT_NAME = "$(TARGET_NAME)";
				TARGETED_DEVICE_FAMILY = "1,2";
			};
			name = Debug;
		};
		AA1C2E331FB10024002F4EF1 /* Release */ = {
			isa = XCBuildConfiguration;
			buildSettings = {
				ASSETCATALOG_COMPILER_APPICON_NAME = AppIcon;
				CODE_SIGN_STYLE = Automatic;
				DEVELOPMENT_TEAM = 6D3DA9G4XW;
				INFOPLIST_FILE = Artists/Info.plist;
				LD_RUNPATH_SEARCH_PATHS = "$(inherited) @executable_path/Frameworks";
				PRODUCT_BUNDLE_IDENTIFIER = com.Artists;
				PRODUCT_NAME = "$(TARGET_NAME)";
				TARGETED_DEVICE_FAMILY = "1,2";
			};
			name = Release;
		};
/* End XCBuildConfiguration section */

/* Begin XCConfigurationList section */
		AA1C2E161FB10024002F4EF1 /* Build configuration list for PBXProject "Artists" */ = {
			isa = XCConfigurationList;
			buildConfigurations = (
				AA1C2E2F1FB10024002F4EF1 /* Debug */,
				AA1C2E301FB10024002F4EF1 /* Release */,
			);
			defaultConfigurationIsVisible = 0;
			defaultConfigurationName = Release;
		};
		AA1C2E311FB10024002F4EF1 /* Build configuration list for PBXNativeTarget "Artists" */ = {
			isa = XCConfigurationList;
			buildConfigurations = (
				AA1C2E321FB10024002F4EF1 /* Debug */,
				AA1C2E331FB10024002F4EF1 /* Release */,
			);
			defaultConfigurationIsVisible = 0;
			defaultConfigurationName = Release;
		};
/* End XCConfigurationList section */
	};
	rootObject = AA1C2E131FB10024002F4EF1 /* Project object */;
}
